
Microsoft Visual Studio Solution File, Format Version 12.00
# Visual Studio Version 16
VisualStudioVersion = 16.0.30128.74
MinimumVisualStudioVersion = 10.0.40219.1
Project("{9A19103F-16F7-4668-BE54-9A1E7A4F7556}") = "Task1", "Task1\Task1.csproj", "{C284C6E5-4390-4B6B-A56E-CA3D7FC2C6B7}"
EndProject
Project("{9A19103F-16F7-4668-BE54-9A1E7A4F7556}") = "Task2", "Task2\Task2.csproj", "{5D57B3A8-12EC-402C-8389-FE863AEC3832}"
EndProject
Project("{FAE04EC0-301F-11D3-BF4B-00C04F79EFBC}") = "Task3", "Task3\Task3.csproj", "{212501B7-23EC-47BF-BD0A-19F6878ACEE6}"
EndProject
Global
	GlobalSection(SolutionConfigurationPlatforms) = preSolution
		Debug|Any CPU = Debug|Any CPU
		Release|Any CPU = Release|Any CPU
	EndGlobalSection
	GlobalSection(ProjectConfigurationPlatforms) = postSolution
		{C284C6E5-4390-4B6B-A56E-CA3D7FC2C6B7}.Debug|Any CPU.ActiveCfg = Debug|Any CPU
		{C284C6E5-4390-4B6B-A56E-CA3D7FC2C6B7}.Debug|Any CPU.Build.0 = Debug|Any CPU
		{C284C6E5-4390-4B6B-A56E-CA3D7FC2C6B7}.Release|Any CPU.ActiveCfg = Release|Any CPU
		{C284C6E5-4390-4B6B-A56E-CA3D7FC2C6B7}.Release|Any CPU.Build.0 = Release|Any CPU
		{5D57B3A8-12EC-402C-8389-FE863AEC3832}.Debug|Any CPU.ActiveCfg = Debug|Any CPU
		{5D57B3A8-12EC-402C-8389-FE863AEC3832}.Debug|Any CPU.Build.0 = Debug|Any CPU
		{5D57B3A8-12EC-402C-8389-FE863AEC3832}.Release|Any CPU.ActiveCfg = Release|Any CPU
		{5D57B3A8-12EC-402C-8389-FE863AEC3832}.Release|Any CPU.Build.0 = Release|Any CPU
		{212501B7-23EC-47BF-BD0A-19F6878ACEE6}.Debug|Any CPU.ActiveCfg = Debug|Any CPU
		{212501B7-23EC-47BF-BD0A-19F6878ACEE6}.Debug|Any CPU.Build.0 = Debug|Any CPU
		{212501B7-23EC-47BF-BD0A-19F6878ACEE6}.Release|Any CPU.ActiveCfg = Release|Any CPU
		{212501B7-23EC-47BF-BD0A-19F6878ACEE6}.Release|Any CPU.Build.0 = Release|Any CPU
	EndGlobalSection
	GlobalSection(SolutionProperties) = preSolution
		HideSolutionNode = FALSE
	EndGlobalSection
	GlobalSection(ExtensibilityGlobals) = postSolution
		SolutionGuid = {C89A6775-E37D-4A16-89C7-463F36FEC438}
	EndGlobalSection
EndGlobal
